
Microsoft Visual Studio Solution File, Format Version 12.00
# Visual Studio Version 16
VisualStudioVersion = 16.0.31613.86
MinimumVisualStudioVersion = 10.0.40219.1
Project("{FAE04EC0-301F-11D3-BF4B-00C04F79EFBC}") = "35_Collections", "35_Collections.csproj", "{79CA4AA1-13D4-41D9-92E1-EBBA04685FF8}"
EndProject
Global
	GlobalSection(SolutionConfigurationPlatforms) = preSolution
		Debug|Any CPU = Debug|Any CPU
		Release|Any CPU = Release|Any CPU
	EndGlobalSection
	GlobalSection(ProjectConfigurationPlatforms) = postSolution
		{79CA4AA1-13D4-41D9-92E1-EBBA04685FF8}.Debug|Any CPU.ActiveCfg = Debug|Any CPU
		{79CA4AA1-13D4-41D9-92E1-EBBA04685FF8}.Debug|Any CPU.Build.0 = Debug|Any CPU
		{79CA4AA1-13D4-41D9-92E1-EBBA04685FF8}.Release|Any CPU.ActiveCfg = Release|Any CPU
		{79CA4AA1-13D4-41D9-92E1-EBBA04685FF8}.Release|Any CPU.Build.0 = Release|Any CPU
	EndGlobalSection
	GlobalSection(SolutionProperties) = preSolution
		HideSolutionNode = FALSE
	EndGlobalSection
	GlobalSection(ExtensibilityGlobals) = postSolution
		SolutionGuid = {D20D2AC1-C10B-4CE6-8849-94A0E5D0951F}
	EndGlobalSection
EndGlobal
