
Microsoft Visual Studio Solution File, Format Version 12.00
# Visual Studio Version 17
VisualStudioVersion = 17.0.31912.275
MinimumVisualStudioVersion = 10.0.40219.1
Project("{FAE04EC0-301F-11D3-BF4B-00C04F79EFBC}") = "33_Delegates", "33_Delegates.csproj", "{8DF0F95D-56B7-4EE2-9F37-D3ADBB5442A6}"
EndProject
Global
	GlobalSection(SolutionConfigurationPlatforms) = preSolution
		Debug|Any CPU = Debug|Any CPU
		Release|Any CPU = Release|Any CPU
	EndGlobalSection
	GlobalSection(ProjectConfigurationPlatforms) = postSolution
		{8DF0F95D-56B7-4EE2-9F37-D3ADBB5442A6}.Debug|Any CPU.ActiveCfg = Debug|Any CPU
		{8DF0F95D-56B7-4EE2-9F37-D3ADBB5442A6}.Debug|Any CPU.Build.0 = Debug|Any CPU
		{8DF0F95D-56B7-4EE2-9F37-D3ADBB5442A6}.Release|Any CPU.ActiveCfg = Release|Any CPU
		{8DF0F95D-56B7-4EE2-9F37-D3ADBB5442A6}.Release|Any CPU.Build.0 = Release|Any CPU
	EndGlobalSection
	GlobalSection(SolutionProperties) = preSolution
		HideSolutionNode = FALSE
	EndGlobalSection
	GlobalSection(ExtensibilityGlobals) = postSolution
		SolutionGuid = {5423DF71-2CDF-4AA2-919A-3521DC8B2807}
	EndGlobalSection
EndGlobal
