
Microsoft Visual Studio Solution File, Format Version 12.00
# Visual Studio Version 17
VisualStudioVersion = 17.2.32630.192
MinimumVisualStudioVersion = 10.0.40219.1
Project("{FAE04EC0-301F-11D3-BF4B-00C04F79EFBC}") = "20220613_Interfaces", "20220613_Interfaces\20220613_Interfaces.csproj", "{6554DA66-DD98-404D-B265-665F2FFE8B42}"
EndProject
Global
	GlobalSection(SolutionConfigurationPlatforms) = preSolution
		Debug|Any CPU = Debug|Any CPU
		Release|Any CPU = Release|Any CPU
	EndGlobalSection
	GlobalSection(ProjectConfigurationPlatforms) = postSolution
		{6554DA66-DD98-404D-B265-665F2FFE8B42}.Debug|Any CPU.ActiveCfg = Debug|Any CPU
		{6554DA66-DD98-404D-B265-665F2FFE8B42}.Debug|Any CPU.Build.0 = Debug|Any CPU
		{6554DA66-DD98-404D-B265-665F2FFE8B42}.Release|Any CPU.ActiveCfg = Release|Any CPU
		{6554DA66-DD98-404D-B265-665F2FFE8B42}.Release|Any CPU.Build.0 = Release|Any CPU
	EndGlobalSection
	GlobalSection(SolutionProperties) = preSolution
		HideSolutionNode = FALSE
	EndGlobalSection
	GlobalSection(ExtensibilityGlobals) = postSolution
		SolutionGuid = {20F47F46-E94C-483B-98EC-CD41D33A1F84}
	EndGlobalSection
EndGlobal
