
Microsoft Visual Studio Solution File, Format Version 12.00
# Visual Studio Version 17
VisualStudioVersion = 17.0.31912.275
MinimumVisualStudioVersion = 10.0.40219.1
Project("{FAE04EC0-301F-11D3-BF4B-00C04F79EFBC}") = "21_Polymorphism", "21_Polymorphism.csproj", "{A890C6CA-286A-4032-9838-FAE28F16EB9B}"
EndProject
Global
	GlobalSection(SolutionConfigurationPlatforms) = preSolution
		Debug|Any CPU = Debug|Any CPU
		Release|Any CPU = Release|Any CPU
	EndGlobalSection
	GlobalSection(ProjectConfigurationPlatforms) = postSolution
		{A890C6CA-286A-4032-9838-FAE28F16EB9B}.Debug|Any CPU.ActiveCfg = Debug|Any CPU
		{A890C6CA-286A-4032-9838-FAE28F16EB9B}.Debug|Any CPU.Build.0 = Debug|Any CPU
		{A890C6CA-286A-4032-9838-FAE28F16EB9B}.Release|Any CPU.ActiveCfg = Release|Any CPU
		{A890C6CA-286A-4032-9838-FAE28F16EB9B}.Release|Any CPU.Build.0 = Release|Any CPU
	EndGlobalSection
	GlobalSection(SolutionProperties) = preSolution
		HideSolutionNode = FALSE
	EndGlobalSection
	GlobalSection(ExtensibilityGlobals) = postSolution
		SolutionGuid = {AA898265-DBDA-44B2-AA45-367B833CA8C7}
	EndGlobalSection
EndGlobal
