
Microsoft Visual Studio Solution File, Format Version 12.00
# Visual Studio Version 16
VisualStudioVersion = 16.0.31613.86
MinimumVisualStudioVersion = 10.0.40219.1
Project("{FAE04EC0-301F-11D3-BF4B-00C04F79EFBC}") = "WpfAppFirst", "WpfAppFirst\WpfAppFirst.csproj", "{1D6F86BA-BD90-48D8-AE59-E70650706A10}"
EndProject
Global
	GlobalSection(SolutionConfigurationPlatforms) = preSolution
		Debug|Any CPU = Debug|Any CPU
		Release|Any CPU = Release|Any CPU
	EndGlobalSection
	GlobalSection(ProjectConfigurationPlatforms) = postSolution
		{1D6F86BA-BD90-48D8-AE59-E70650706A10}.Debug|Any CPU.ActiveCfg = Debug|Any CPU
		{1D6F86BA-BD90-48D8-AE59-E70650706A10}.Debug|Any CPU.Build.0 = Debug|Any CPU
		{1D6F86BA-BD90-48D8-AE59-E70650706A10}.Release|Any CPU.ActiveCfg = Release|Any CPU
		{1D6F86BA-BD90-48D8-AE59-E70650706A10}.Release|Any CPU.Build.0 = Release|Any CPU
	EndGlobalSection
	GlobalSection(SolutionProperties) = preSolution
		HideSolutionNode = FALSE
	EndGlobalSection
	GlobalSection(ExtensibilityGlobals) = postSolution
		SolutionGuid = {D566D756-C708-43D7-8095-4DCE0D681F90}
	EndGlobalSection
EndGlobal
