
Microsoft Visual Studio Solution File, Format Version 12.00
# Visual Studio Version 17
VisualStudioVersion = 17.1.32319.34
MinimumVisualStudioVersion = 10.0.40219.1
Project("{FAE04EC0-301F-11D3-BF4B-00C04F79EFBC}") = "23_Interfaces", "23_Interfaces\23_Interfaces.csproj", "{2FC0C60D-5538-4D07-9397-14892BE3FA5D}"
EndProject
Global
	GlobalSection(SolutionConfigurationPlatforms) = preSolution
		Debug|Any CPU = Debug|Any CPU
		Release|Any CPU = Release|Any CPU
	EndGlobalSection
	GlobalSection(ProjectConfigurationPlatforms) = postSolution
		{2FC0C60D-5538-4D07-9397-14892BE3FA5D}.Debug|Any CPU.ActiveCfg = Debug|Any CPU
		{2FC0C60D-5538-4D07-9397-14892BE3FA5D}.Debug|Any CPU.Build.0 = Debug|Any CPU
		{2FC0C60D-5538-4D07-9397-14892BE3FA5D}.Release|Any CPU.ActiveCfg = Release|Any CPU
		{2FC0C60D-5538-4D07-9397-14892BE3FA5D}.Release|Any CPU.Build.0 = Release|Any CPU
	EndGlobalSection
	GlobalSection(SolutionProperties) = preSolution
		HideSolutionNode = FALSE
	EndGlobalSection
	GlobalSection(ExtensibilityGlobals) = postSolution
		SolutionGuid = {45DB59CF-29DF-441B-9FDE-9F6AA59A78AA}
	EndGlobalSection
EndGlobal
