
Microsoft Visual Studio Solution File, Format Version 12.00
# Visual Studio Version 17
VisualStudioVersion = 17.0.31912.275
MinimumVisualStudioVersion = 10.0.40219.1
Project("{FAE04EC0-301F-11D3-BF4B-00C04F79EFBC}") = "34_Events", "34_Events.csproj", "{8901DAA8-1364-463E-B6E2-80A5C22E2CF0}"
EndProject
Global
	GlobalSection(SolutionConfigurationPlatforms) = preSolution
		Debug|Any CPU = Debug|Any CPU
		Release|Any CPU = Release|Any CPU
	EndGlobalSection
	GlobalSection(ProjectConfigurationPlatforms) = postSolution
		{8901DAA8-1364-463E-B6E2-80A5C22E2CF0}.Debug|Any CPU.ActiveCfg = Debug|Any CPU
		{8901DAA8-1364-463E-B6E2-80A5C22E2CF0}.Debug|Any CPU.Build.0 = Debug|Any CPU
		{8901DAA8-1364-463E-B6E2-80A5C22E2CF0}.Release|Any CPU.ActiveCfg = Release|Any CPU
		{8901DAA8-1364-463E-B6E2-80A5C22E2CF0}.Release|Any CPU.Build.0 = Release|Any CPU
	EndGlobalSection
	GlobalSection(SolutionProperties) = preSolution
		HideSolutionNode = FALSE
	EndGlobalSection
	GlobalSection(ExtensibilityGlobals) = postSolution
		SolutionGuid = {4F27B01D-7355-4AAD-B90F-9F9B7352A81A}
	EndGlobalSection
EndGlobal
