
Microsoft Visual Studio Solution File, Format Version 12.00
# Visual Studio Version 17
VisualStudioVersion = 17.0.31912.275
MinimumVisualStudioVersion = 10.0.40219.1
Project("{FAE04EC0-301F-11D3-BF4B-00C04F79EFBC}") = "39_Multithreading", "39_Multithreading.csproj", "{A5A23FF8-85DD-403E-9040-B44F635CB253}"
EndProject
Global
	GlobalSection(SolutionConfigurationPlatforms) = preSolution
		Debug|Any CPU = Debug|Any CPU
		Release|Any CPU = Release|Any CPU
	EndGlobalSection
	GlobalSection(ProjectConfigurationPlatforms) = postSolution
		{A5A23FF8-85DD-403E-9040-B44F635CB253}.Debug|Any CPU.ActiveCfg = Debug|Any CPU
		{A5A23FF8-85DD-403E-9040-B44F635CB253}.Debug|Any CPU.Build.0 = Debug|Any CPU
		{A5A23FF8-85DD-403E-9040-B44F635CB253}.Release|Any CPU.ActiveCfg = Release|Any CPU
		{A5A23FF8-85DD-403E-9040-B44F635CB253}.Release|Any CPU.Build.0 = Release|Any CPU
	EndGlobalSection
	GlobalSection(SolutionProperties) = preSolution
		HideSolutionNode = FALSE
	EndGlobalSection
	GlobalSection(ExtensibilityGlobals) = postSolution
		SolutionGuid = {C681C8B5-8DE3-41DA-A060-F60339175067}
	EndGlobalSection
EndGlobal
