
Microsoft Visual Studio Solution File, Format Version 12.00
# Visual Studio Version 17
VisualStudioVersion = 17.0.31912.275
MinimumVisualStudioVersion = 10.0.40219.1
Project("{FAE04EC0-301F-11D3-BF4B-00C04F79EFBC}") = "OrderApp", "OrderApp\OrderApp.csproj", "{41D1DB08-CDA9-48B0-A01F-35E1AEDC429F}"
EndProject
Project("{FAE04EC0-301F-11D3-BF4B-00C04F79EFBC}") = "OrderApp.Data", "OrderApp.Data\OrderApp.Data.csproj", "{D13508CE-A5F5-42AE-B664-5E697F55482F}"
EndProject
Project("{930C7802-8A8C-48F9-8165-68863BCCD9DD}") = "OrderApp.SetupWix", "OrderApp.SetupWix\OrderApp.SetupWix.wixproj", "{580F8EB8-6D8C-4235-BD66-848439114A31}"
EndProject
Project("{54435603-DBB4-11D2-8724-00A0C9A8B90C}") = "OrderApp.Setup", "OrderApp.Setup\OrderApp.Setup.vdproj", "{119A35FB-C9A5-437F-A662-7D2073F5898E}"
EndProject
Global
	GlobalSection(SolutionConfigurationPlatforms) = preSolution
		Debug|Any CPU = Debug|Any CPU
		Debug|x86 = Debug|x86
		Release|Any CPU = Release|Any CPU
		Release|x86 = Release|x86
	EndGlobalSection
	GlobalSection(ProjectConfigurationPlatforms) = postSolution
		{41D1DB08-CDA9-48B0-A01F-35E1AEDC429F}.Debug|Any CPU.ActiveCfg = Debug|Any CPU
		{41D1DB08-CDA9-48B0-A01F-35E1AEDC429F}.Debug|Any CPU.Build.0 = Debug|Any CPU
		{41D1DB08-CDA9-48B0-A01F-35E1AEDC429F}.Debug|x86.ActiveCfg = Debug|Any CPU
		{41D1DB08-CDA9-48B0-A01F-35E1AEDC429F}.Debug|x86.Build.0 = Debug|Any CPU
		{41D1DB08-CDA9-48B0-A01F-35E1AEDC429F}.Release|Any CPU.ActiveCfg = Release|Any CPU
		{41D1DB08-CDA9-48B0-A01F-35E1AEDC429F}.Release|Any CPU.Build.0 = Release|Any CPU
		{41D1DB08-CDA9-48B0-A01F-35E1AEDC429F}.Release|x86.ActiveCfg = Release|Any CPU
		{41D1DB08-CDA9-48B0-A01F-35E1AEDC429F}.Release|x86.Build.0 = Release|Any CPU
		{D13508CE-A5F5-42AE-B664-5E697F55482F}.Debug|Any CPU.ActiveCfg = Debug|Any CPU
		{D13508CE-A5F5-42AE-B664-5E697F55482F}.Debug|Any CPU.Build.0 = Debug|Any CPU
		{D13508CE-A5F5-42AE-B664-5E697F55482F}.Debug|x86.ActiveCfg = Debug|Any CPU
		{D13508CE-A5F5-42AE-B664-5E697F55482F}.Debug|x86.Build.0 = Debug|Any CPU
		{D13508CE-A5F5-42AE-B664-5E697F55482F}.Release|Any CPU.ActiveCfg = Release|Any CPU
		{D13508CE-A5F5-42AE-B664-5E697F55482F}.Release|Any CPU.Build.0 = Release|Any CPU
		{D13508CE-A5F5-42AE-B664-5E697F55482F}.Release|x86.ActiveCfg = Release|Any CPU
		{D13508CE-A5F5-42AE-B664-5E697F55482F}.Release|x86.Build.0 = Release|Any CPU
		{580F8EB8-6D8C-4235-BD66-848439114A31}.Debug|Any CPU.ActiveCfg = Debug|x86
		{580F8EB8-6D8C-4235-BD66-848439114A31}.Debug|Any CPU.Build.0 = Debug|x86
		{580F8EB8-6D8C-4235-BD66-848439114A31}.Debug|x86.ActiveCfg = Debug|x86
		{580F8EB8-6D8C-4235-BD66-848439114A31}.Debug|x86.Build.0 = Debug|x86
		{580F8EB8-6D8C-4235-BD66-848439114A31}.Release|Any CPU.ActiveCfg = Release|x86
		{580F8EB8-6D8C-4235-BD66-848439114A31}.Release|Any CPU.Build.0 = Release|x86
		{580F8EB8-6D8C-4235-BD66-848439114A31}.Release|x86.ActiveCfg = Release|x86
		{580F8EB8-6D8C-4235-BD66-848439114A31}.Release|x86.Build.0 = Release|x86
		{119A35FB-C9A5-437F-A662-7D2073F5898E}.Debug|Any CPU.ActiveCfg = Debug
		{119A35FB-C9A5-437F-A662-7D2073F5898E}.Debug|x86.ActiveCfg = Debug
		{119A35FB-C9A5-437F-A662-7D2073F5898E}.Release|Any CPU.ActiveCfg = Release
		{119A35FB-C9A5-437F-A662-7D2073F5898E}.Release|x86.ActiveCfg = Release
	EndGlobalSection
	GlobalSection(SolutionProperties) = preSolution
		HideSolutionNode = FALSE
	EndGlobalSection
	GlobalSection(ExtensibilityGlobals) = postSolution
		SolutionGuid = {6DE12A41-BB0B-4B08-9F93-B2B6F35DFB11}
	EndGlobalSection
EndGlobal
