
Microsoft Visual Studio Solution File, Format Version 12.00
# Visual Studio Version 17
VisualStudioVersion = 17.0.31912.275
MinimumVisualStudioVersion = 10.0.40219.1
Project("{FAE04EC0-301F-11D3-BF4B-00C04F79EFBC}") = "20_Inheritance", "20_Inheritance.csproj", "{20FF6A00-E907-472F-B1AA-3B24378D8360}"
EndProject
Global
	GlobalSection(SolutionConfigurationPlatforms) = preSolution
		Debug|Any CPU = Debug|Any CPU
		Release|Any CPU = Release|Any CPU
	EndGlobalSection
	GlobalSection(ProjectConfigurationPlatforms) = postSolution
		{20FF6A00-E907-472F-B1AA-3B24378D8360}.Debug|Any CPU.ActiveCfg = Debug|Any CPU
		{20FF6A00-E907-472F-B1AA-3B24378D8360}.Debug|Any CPU.Build.0 = Debug|Any CPU
		{20FF6A00-E907-472F-B1AA-3B24378D8360}.Release|Any CPU.ActiveCfg = Release|Any CPU
		{20FF6A00-E907-472F-B1AA-3B24378D8360}.Release|Any CPU.Build.0 = Release|Any CPU
	EndGlobalSection
	GlobalSection(SolutionProperties) = preSolution
		HideSolutionNode = FALSE
	EndGlobalSection
	GlobalSection(ExtensibilityGlobals) = postSolution
		SolutionGuid = {77FDDC78-45B9-4656-A9E8-239FD36C835D}
	EndGlobalSection
EndGlobal
